github.com/jgiannuzzi/go-sqlite3 v1.14.17-0.20230327162135-f208443ec79d/go.mod h1:2eHXhiwb8IkHr+BDWZGa96P6+rkvnG63S2DGjv9HUNg=
github.com/keybase/dbus v0.0.0-20220506165403-5aa21ea2c23a h1:K0EAzgzEQHW4Y5lxrmvPMltmlRDzlhLfGmots9EHUTI=
github.com/keybase/dbus v0.0.0-20220506165403-5aa21ea2c23a/go.mod h1:YPNKjjE7Ubp9dTbnWvsP3HT+hYnY6TfXzubYTBeUxc8=
github.com/keybase/go-keychain v0.0.1 h1:way+bWYa6lDppZoZcgMbYsvC7GxljxrskdNInRtuthU=
github.com/keybase/go-keychain v0.0.1/go.mod h1:PdEILRW3i9D8JcdM+FmY6RwkHGnhHxXwkPPMeUgOK1k=
golang.org/x/crypto v0.54.0 h1:YLIA59K4fiNzHzjnZt2tUJQjQtUWfWbeHBqKtk3eScw=
golang.org/x/crypto v0.54.0/go.mod h1:KWL8ny2AZdGR2cWmzeHrp2azQPGogOv+HeQaVEXC2dk=
